
Microsoft Visual Studio Solution File, Format Version 12.00
# Visual Studio 2013
VisualStudioVersion = 12.0.31101.0
MinimumVisualStudioVersion = 10.0.40219.1
Project("{FAE04EC0-301F-11D3-BF4B-00C04F79EFBC}") = "VersionOne.Integration.Service", "VersionOne.Integration.Service\VersionOne.Integration.Service.csproj", "{29AE818B-33C5-4DC9-A5E8-F01D6404D94B}"
EndProject
Project("{FAE04EC0-301F-11D3-BF4B-00C04F79EFBC}") = "VersionOne.Integration.Service.Core", "VersionOne.Integration.Service.Core\VersionOne.Integration.Service.Core.csproj", "{59DC969B-6C21-4E8A-AF90-E7B6CD4F5A1F}"
EndProject
Project("{FAE04EC0-301F-11D3-BF4B-00C04F79EFBC}") = "VersionOne.Integration.Service.SystemTray", "VersionOne.Integration.Service.SystemTray\VersionOne.Integration.Service.SystemTray.csproj", "{40EB4891-A3E7-4E25-824E-442A98AF8F3C}"
EndProject
Project("{2150E333-8FDC-42A3-9474-1A3956D46DE8}") = "Resources", "Resources", "{F4196EE8-A679-46FC-AC6D-619D28A4C589}"
	ProjectSection(SolutionItems) = preProject
		Resources\InstallUtil.exe = Resources\InstallUtil.exe
		Resources\v1-icon-48x48.ico = Resources\v1-icon-48x48.ico
		Resources\versionone-logo-noTagline.png = Resources\versionone-logo-noTagline.png
	EndProjectSection
EndProject
Project("{FAE04EC0-301F-11D3-BF4B-00C04F79EFBC}") = "VersionOne.JiraConnector", "VersionOne.SDK.Jira\VersionOne.JiraConnector.csproj", "{57F712AE-9E25-4578-BB06-71AFE3121DEB}"
EndProject
Project("{FAE04EC0-301F-11D3-BF4B-00C04F79EFBC}") = "VersionOne.Integration.Service.Worker.Tests", "VersionOne.Integration.Service.Core.Tests\VersionOne.Integration.Service.Worker.Tests.csproj", "{1C5AD822-FE01-4D48-ADD4-C91E892D52BC}"
EndProject
Project("{FAE04EC0-301F-11D3-BF4B-00C04F79EFBC}") = "VersionOne.Integration.Service.Worker", "VersionOne.Integration.Service.Worker\VersionOne.Integration.Service.Worker.csproj", "{52681EF1-BAE1-4E7D-82A7-9BF3638CEFF9}"
EndProject
Project("{FAE04EC0-301F-11D3-BF4B-00C04F79EFBC}") = "VersionOne.JiraConnector.Tests", "VersionOne.SDK.Jira.Tests\VersionOne.JiraConnector.Tests.csproj", "{9B7888A4-BB67-4DB8-B299-37F8A12E3CE2}"
EndProject
Project("{2150E333-8FDC-42A3-9474-1A3956D46DE8}") = ".nuget", ".nuget", "{2CA355F2-93CC-428F-AEA8-11A4DF7BC7F6}"
	ProjectSection(SolutionItems) = preProject
		.nuget\NuGet.Config = .nuget\NuGet.Config
		.nuget\NuGet.exe = .nuget\NuGet.exe
		.nuget\NuGet.targets = .nuget\NuGet.targets
	EndProjectSection
EndProject
Project("{FAE04EC0-301F-11D3-BF4B-00C04F79EFBC}") = "VersionOne.Api", "VersionOne.Api\VersionOne.Api.csproj", "{EC7ADEBC-99CA-4951-A61A-5CF1EE011E77}"
EndProject
Global
	GlobalSection(SolutionConfigurationPlatforms) = preSolution
		Debug|Any CPU = Debug|Any CPU
		Debug|x86 = Debug|x86
		Release|Any CPU = Release|Any CPU
		Release|x86 = Release|x86
	EndGlobalSection
	GlobalSection(ProjectConfigurationPlatforms) = postSolution
		{29AE818B-33C5-4DC9-A5E8-F01D6404D94B}.Debug|Any CPU.ActiveCfg = Debug|Any CPU
		{29AE818B-33C5-4DC9-A5E8-F01D6404D94B}.Debug|Any CPU.Build.0 = Debug|Any CPU
		{29AE818B-33C5-4DC9-A5E8-F01D6404D94B}.Debug|x86.ActiveCfg = Debug|Any CPU
		{29AE818B-33C5-4DC9-A5E8-F01D6404D94B}.Release|Any CPU.ActiveCfg = Release|Any CPU
		{29AE818B-33C5-4DC9-A5E8-F01D6404D94B}.Release|Any CPU.Build.0 = Release|Any CPU
		{29AE818B-33C5-4DC9-A5E8-F01D6404D94B}.Release|x86.ActiveCfg = Release|Any CPU
		{59DC969B-6C21-4E8A-AF90-E7B6CD4F5A1F}.Debug|Any CPU.ActiveCfg = Debug|Any CPU
		{59DC969B-6C21-4E8A-AF90-E7B6CD4F5A1F}.Debug|Any CPU.Build.0 = Debug|Any CPU
		{59DC969B-6C21-4E8A-AF90-E7B6CD4F5A1F}.Debug|x86.ActiveCfg = Debug|Any CPU
		{59DC969B-6C21-4E8A-AF90-E7B6CD4F5A1F}.Release|Any CPU.ActiveCfg = Release|Any CPU
		{59DC969B-6C21-4E8A-AF90-E7B6CD4F5A1F}.Release|Any CPU.Build.0 = Release|Any CPU
		{59DC969B-6C21-4E8A-AF90-E7B6CD4F5A1F}.Release|x86.ActiveCfg = Release|Any CPU
		{40EB4891-A3E7-4E25-824E-442A98AF8F3C}.Debug|Any CPU.ActiveCfg = Debug|Any CPU
		{40EB4891-A3E7-4E25-824E-442A98AF8F3C}.Debug|Any CPU.Build.0 = Debug|Any CPU
		{40EB4891-A3E7-4E25-824E-442A98AF8F3C}.Debug|x86.ActiveCfg = Debug|Any CPU
		{40EB4891-A3E7-4E25-824E-442A98AF8F3C}.Release|Any CPU.ActiveCfg = Release|Any CPU
		{40EB4891-A3E7-4E25-824E-442A98AF8F3C}.Release|Any CPU.Build.0 = Release|Any CPU
		{40EB4891-A3E7-4E25-824E-442A98AF8F3C}.Release|x86.ActiveCfg = Release|Any CPU
		{57F712AE-9E25-4578-BB06-71AFE3121DEB}.Debug|Any CPU.ActiveCfg = Debug|Any CPU
		{57F712AE-9E25-4578-BB06-71AFE3121DEB}.Debug|Any CPU.Build.0 = Debug|Any CPU
		{57F712AE-9E25-4578-BB06-71AFE3121DEB}.Debug|x86.ActiveCfg = Debug|x86
		{57F712AE-9E25-4578-BB06-71AFE3121DEB}.Debug|x86.Build.0 = Debug|x86
		{57F712AE-9E25-4578-BB06-71AFE3121DEB}.Release|Any CPU.ActiveCfg = Release|Any CPU
		{57F712AE-9E25-4578-BB06-71AFE3121DEB}.Release|Any CPU.Build.0 = Release|Any CPU
		{57F712AE-9E25-4578-BB06-71AFE3121DEB}.Release|x86.ActiveCfg = Release|x86
		{57F712AE-9E25-4578-BB06-71AFE3121DEB}.Release|x86.Build.0 = Release|x86
		{1C5AD822-FE01-4D48-ADD4-C91E892D52BC}.Debug|Any CPU.ActiveCfg = Debug|Any CPU
		{1C5AD822-FE01-4D48-ADD4-C91E892D52BC}.Debug|Any CPU.Build.0 = Debug|Any CPU
		{1C5AD822-FE01-4D48-ADD4-C91E892D52BC}.Debug|x86.ActiveCfg = Debug|Any CPU
		{1C5AD822-FE01-4D48-ADD4-C91E892D52BC}.Release|Any CPU.ActiveCfg = Release|Any CPU
		{1C5AD822-FE01-4D48-ADD4-C91E892D52BC}.Release|Any CPU.Build.0 = Release|Any CPU
		{1C5AD822-FE01-4D48-ADD4-C91E892D52BC}.Release|x86.ActiveCfg = Release|Any CPU
		{52681EF1-BAE1-4E7D-82A7-9BF3638CEFF9}.Debug|Any CPU.ActiveCfg = Debug|Any CPU
		{52681EF1-BAE1-4E7D-82A7-9BF3638CEFF9}.Debug|Any CPU.Build.0 = Debug|Any CPU
		{52681EF1-BAE1-4E7D-82A7-9BF3638CEFF9}.Debug|x86.ActiveCfg = Debug|Any CPU
		{52681EF1-BAE1-4E7D-82A7-9BF3638CEFF9}.Release|Any CPU.ActiveCfg = Release|Any CPU
		{52681EF1-BAE1-4E7D-82A7-9BF3638CEFF9}.Release|Any CPU.Build.0 = Release|Any CPU
		{52681EF1-BAE1-4E7D-82A7-9BF3638CEFF9}.Release|x86.ActiveCfg = Release|Any CPU
		{9B7888A4-BB67-4DB8-B299-37F8A12E3CE2}.Debug|Any CPU.ActiveCfg = Debug|Any CPU
		{9B7888A4-BB67-4DB8-B299-37F8A12E3CE2}.Debug|Any CPU.Build.0 = Debug|Any CPU
		{9B7888A4-BB67-4DB8-B299-37F8A12E3CE2}.Debug|x86.ActiveCfg = Debug|Any CPU
		{9B7888A4-BB67-4DB8-B299-37F8A12E3CE2}.Release|Any CPU.ActiveCfg = Release|Any CPU
		{9B7888A4-BB67-4DB8-B299-37F8A12E3CE2}.Release|Any CPU.Build.0 = Release|Any CPU
		{9B7888A4-BB67-4DB8-B299-37F8A12E3CE2}.Release|x86.ActiveCfg = Release|Any CPU
		{EC7ADEBC-99CA-4951-A61A-5CF1EE011E77}.Debug|Any CPU.ActiveCfg = Debug|Any CPU
		{EC7ADEBC-99CA-4951-A61A-5CF1EE011E77}.Debug|Any CPU.Build.0 = Debug|Any CPU
		{EC7ADEBC-99CA-4951-A61A-5CF1EE011E77}.Debug|x86.ActiveCfg = Debug|Any CPU
		{EC7ADEBC-99CA-4951-A61A-5CF1EE011E77}.Release|Any CPU.ActiveCfg = Release|Any CPU
		{EC7ADEBC-99CA-4951-A61A-5CF1EE011E77}.Release|Any CPU.Build.0 = Release|Any CPU
		{EC7ADEBC-99CA-4951-A61A-5CF1EE011E77}.Release|x86.ActiveCfg = Release|Any CPU
	EndGlobalSection
	GlobalSection(SolutionProperties) = preSolution
		HideSolutionNode = FALSE
	EndGlobalSection
EndGlobal
